
Microsoft Visual Studio Solution File, Format Version 12.00
# Visual Studio Version 16
VisualStudioVersion = 16.0.33027.164
MinimumVisualStudioVersion = 10.0.40219.1
Project("{2150E333-8FDC-42A3-9474-1A3956D46DE8}") = "domain", "domain", "{8D928957-5DBA-4B65-A7F7-8C3F6CC44011}"
EndProject
Project("{FAE04EC0-301F-11D3-BF4B-00C04F79EFBC}") = "Store", "domain\Store\Store.csproj", "{86B3D448-3E39-49F1-9218-6B1A8EEABB28}"
EndProject
Project("{2150E333-8FDC-42A3-9474-1A3956D46DE8}") = "infrastructure", "infrastructure", "{2A998273-F24E-4E8A-9B8B-64778D4024BD}"
EndProject
Project("{FAE04EC0-301F-11D3-BF4B-00C04F79EFBC}") = "Store.Memory", "Store.Memory\Store.Memory.csproj", "{D2723F48-8BC1-4AA0-9741-73647C04FE9A}"
EndProject
Project("{2150E333-8FDC-42A3-9474-1A3956D46DE8}") = "presentation", "presentation", "{C721D231-AB6A-4552-B04A-8F96EC12DE95}"
EndProject
Project("{F2A71F9B-5D33-465A-A702-920D77279786}") = "Store.Web", "presentation\Store.Web\Store.Web.fsproj", "{DC9F445E-2544-4B4E-9C25-C527196E7E16}"
EndProject
Global
	GlobalSection(SolutionConfigurationPlatforms) = preSolution
		Debug|Any CPU = Debug|Any CPU
		Release|Any CPU = Release|Any CPU
	EndGlobalSection
	GlobalSection(ProjectConfigurationPlatforms) = postSolution
		{86B3D448-3E39-49F1-9218-6B1A8EEABB28}.Debug|Any CPU.ActiveCfg = Debug|Any CPU
		{86B3D448-3E39-49F1-9218-6B1A8EEABB28}.Debug|Any CPU.Build.0 = Debug|Any CPU
		{86B3D448-3E39-49F1-9218-6B1A8EEABB28}.Release|Any CPU.ActiveCfg = Release|Any CPU
		{86B3D448-3E39-49F1-9218-6B1A8EEABB28}.Release|Any CPU.Build.0 = Release|Any CPU
		{D2723F48-8BC1-4AA0-9741-73647C04FE9A}.Debug|Any CPU.ActiveCfg = Debug|Any CPU
		{D2723F48-8BC1-4AA0-9741-73647C04FE9A}.Debug|Any CPU.Build.0 = Debug|Any CPU
		{D2723F48-8BC1-4AA0-9741-73647C04FE9A}.Release|Any CPU.ActiveCfg = Release|Any CPU
		{D2723F48-8BC1-4AA0-9741-73647C04FE9A}.Release|Any CPU.Build.0 = Release|Any CPU
		{DC9F445E-2544-4B4E-9C25-C527196E7E16}.Debug|Any CPU.ActiveCfg = Debug|Any CPU
		{DC9F445E-2544-4B4E-9C25-C527196E7E16}.Debug|Any CPU.Build.0 = Debug|Any CPU
		{DC9F445E-2544-4B4E-9C25-C527196E7E16}.Release|Any CPU.ActiveCfg = Release|Any CPU
		{DC9F445E-2544-4B4E-9C25-C527196E7E16}.Release|Any CPU.Build.0 = Release|Any CPU
	EndGlobalSection
	GlobalSection(SolutionProperties) = preSolution
		HideSolutionNode = FALSE
	EndGlobalSection
	GlobalSection(NestedProjects) = preSolution
		{86B3D448-3E39-49F1-9218-6B1A8EEABB28} = {8D928957-5DBA-4B65-A7F7-8C3F6CC44011}
		{D2723F48-8BC1-4AA0-9741-73647C04FE9A} = {2A998273-F24E-4E8A-9B8B-64778D4024BD}
		{DC9F445E-2544-4B4E-9C25-C527196E7E16} = {C721D231-AB6A-4552-B04A-8F96EC12DE95}
	EndGlobalSection
	GlobalSection(ExtensibilityGlobals) = postSolution
		SolutionGuid = {17D13D95-D0D2-4C88-8C30-F535C0732A4E}
	EndGlobalSection
EndGlobal
