
Microsoft Visual Studio Solution File, Format Version 12.00
# Visual Studio Version 16
VisualStudioVersion = 16.0.33027.164
MinimumVisualStudioVersion = 10.0.40219.1
Project("{2150E333-8FDC-42A3-9474-1A3956D46DE8}") = "domain", "domain", "{8D928957-5DBA-4B65-A7F7-8C3F6CC44011}"
EndProject
Project("{FAE04EC0-301F-11D3-BF4B-00C04F79EFBC}") = "Store", "domain\Store\Store.csproj", "{86B3D448-3E39-49F1-9218-6B1A8EEABB28}"
EndProject
Global
	GlobalSection(SolutionConfigurationPlatforms) = preSolution
		Debug|Any CPU = Debug|Any CPU
		Release|Any CPU = Release|Any CPU
	EndGlobalSection
	GlobalSection(ProjectConfigurationPlatforms) = postSolution
		{86B3D448-3E39-49F1-9218-6B1A8EEABB28}.Debug|Any CPU.ActiveCfg = Debug|Any CPU
		{86B3D448-3E39-49F1-9218-6B1A8EEABB28}.Debug|Any CPU.Build.0 = Debug|Any CPU
		{86B3D448-3E39-49F1-9218-6B1A8EEABB28}.Release|Any CPU.ActiveCfg = Release|Any CPU
		{86B3D448-3E39-49F1-9218-6B1A8EEABB28}.Release|Any CPU.Build.0 = Release|Any CPU
	EndGlobalSection
	GlobalSection(SolutionProperties) = preSolution
		HideSolutionNode = FALSE
	EndGlobalSection
	GlobalSection(NestedProjects) = preSolution
		{86B3D448-3E39-49F1-9218-6B1A8EEABB28} = {8D928957-5DBA-4B65-A7F7-8C3F6CC44011}
	EndGlobalSection
	GlobalSection(ExtensibilityGlobals) = postSolution
		SolutionGuid = {17D13D95-D0D2-4C88-8C30-F535C0732A4E}
	EndGlobalSection
EndGlobal
